
Microsoft Visual Studio Solution File, Format Version 12.00
# Visual Studio 14
VisualStudioVersion = 14.0.25420.1
MinimumVisualStudioVersion = 10.0.40219.1
Project("{2150E333-8FDC-42A3-9474-1A3956D46DE8}") = "src", "src", "{5BB53645-EEA1-448B-8FC6-F97290D12A53}"
EndProject
Project("{2150E333-8FDC-42A3-9474-1A3956D46DE8}") = "Solution Items", "Solution Items", "{04B102A9-6867-4F3E-BF59-58054E61D003}"
	ProjectSection(SolutionItems) = preProject
		global.json = global.json
	EndProjectSection
EndProject
Project("{8BB2217D-0F2D-49D1-97BC-3654ED321F3B}") = "MPServer", "src\MPServer\MPServer.xproj", "{7BD6B842-9265-4907-8BB9-BD11FAD8706B}"
EndProject
Project("{8BB2217D-0F2D-49D1-97BC-3654ED321F3B}") = "HeartBeatClient", "src\HeartBeatClient\HeartBeatClient.xproj", "{50857CB2-8E9B-4FB3-9349-86342E638C41}"
EndProject
Global
	GlobalSection(SolutionConfigurationPlatforms) = preSolution
		Debug|Any CPU = Debug|Any CPU
		Release|Any CPU = Release|Any CPU
	EndGlobalSection
	GlobalSection(ProjectConfigurationPlatforms) = postSolution
		{7BD6B842-9265-4907-8BB9-BD11FAD8706B}.Debug|Any CPU.ActiveCfg = Debug|Any CPU
		{7BD6B842-9265-4907-8BB9-BD11FAD8706B}.Debug|Any CPU.Build.0 = Debug|Any CPU
		{7BD6B842-9265-4907-8BB9-BD11FAD8706B}.Release|Any CPU.ActiveCfg = Release|Any CPU
		{7BD6B842-9265-4907-8BB9-BD11FAD8706B}.Release|Any CPU.Build.0 = Release|Any CPU
		{50857CB2-8E9B-4FB3-9349-86342E638C41}.Debug|Any CPU.ActiveCfg = Debug|Any CPU
		{50857CB2-8E9B-4FB3-9349-86342E638C41}.Debug|Any CPU.Build.0 = Debug|Any CPU
		{50857CB2-8E9B-4FB3-9349-86342E638C41}.Release|Any CPU.ActiveCfg = Release|Any CPU
		{50857CB2-8E9B-4FB3-9349-86342E638C41}.Release|Any CPU.Build.0 = Release|Any CPU
	EndGlobalSection
	GlobalSection(SolutionProperties) = preSolution
		HideSolutionNode = FALSE
	EndGlobalSection
	GlobalSection(NestedProjects) = preSolution
		{7BD6B842-9265-4907-8BB9-BD11FAD8706B} = {5BB53645-EEA1-448B-8FC6-F97290D12A53}
		{50857CB2-8E9B-4FB3-9349-86342E638C41} = {5BB53645-EEA1-448B-8FC6-F97290D12A53}
	EndGlobalSection
EndGlobal
